
Microsoft Visual Studio Solution File, Format Version 12.00
# Visual Studio Version 17
VisualStudioVersion = 17.3.32922.545
MinimumVisualStudioVersion = 10.0.40219.1
Project("{FAE04EC0-301F-11D3-BF4B-00C04F79EFBC}") = "EczaneStokTakip", "EczaneStokTakip\EczaneStokTakip.csproj", "{68E61256-A2C3-4719-90CB-1A1111DFFFC0}"
EndProject
Global
	GlobalSection(SolutionConfigurationPlatforms) = preSolution
		Debug|Any CPU = Debug|Any CPU
		Release|Any CPU = Release|Any CPU
	EndGlobalSection
	GlobalSection(ProjectConfigurationPlatforms) = postSolution
		{68E61256-A2C3-4719-90CB-1A1111DFFFC0}.Debug|Any CPU.ActiveCfg = Debug|Any CPU
		{68E61256-A2C3-4719-90CB-1A1111DFFFC0}.Debug|Any CPU.Build.0 = Debug|Any CPU
		{68E61256-A2C3-4719-90CB-1A1111DFFFC0}.Release|Any CPU.ActiveCfg = Release|Any CPU
		{68E61256-A2C3-4719-90CB-1A1111DFFFC0}.Release|Any CPU.Build.0 = Release|Any CPU
	EndGlobalSection
	GlobalSection(SolutionProperties) = preSolution
		HideSolutionNode = FALSE
	EndGlobalSection
	GlobalSection(ExtensibilityGlobals) = postSolution
		SolutionGuid = {E3F32CC6-8D2B-43DD-B7F0-DE1ED713574F}
	EndGlobalSection
EndGlobal
